// !$*UTF8*$!
{
	archiveVersion = 1;
	classes = {
	};
	objectVersion = 52;
	objects = {

/* Begin PBXBuildFile section */
		655CBE3424A63F3D00E6C033 /* AP+Extensions.swift in Sources */ = {isa = PBXBuildFile; fileRef = 655CBE3324A63F3D00E6C033 /* AP+Extensions.swift */; };
		65948B9C24A3E21D00574A7D /* rumspielprojektApp.swift in Sources */ = {isa = PBXBuildFile; fileRef = 65948B9B24A3E21D00574A7D /* rumspielprojektApp.swift */; };
		65948B9E24A3E21D00574A7D /* ContentView.swift in Sources */ = {isa = PBXBuildFile; fileRef = 65948B9D24A3E21D00574A7D /* ContentView.swift */; };
		65948BA024A3E21F00574A7D /* Assets.xcassets in Resources */ = {isa = PBXBuildFile; fileRef = 65948B9F24A3E21F00574A7D /* Assets.xcassets */; };
		65948BA324A3E21F00574A7D /* Preview Assets.xcassets in Resources */ = {isa = PBXBuildFile; fileRef = 65948BA224A3E21F00574A7D /* Preview Assets.xcassets */; };
		65948BAE24A3E21F00574A7D /* rumspielprojektTests.swift in Sources */ = {isa = PBXBuildFile; fileRef = 65948BAD24A3E21F00574A7D /* rumspielprojektTests.swift */; };
		65948BB924A3E21F00574A7D /* rumspielprojektUITests.swift in Sources */ = {isa = PBXBuildFile; fileRef = 65948BB824A3E21F00574A7D /* rumspielprojektUITests.swift */; };
		65948BC824A3EA2100574A7D /* URLImage in Frameworks */ = {isa = PBXBuildFile; productRef = 65948BC724A3EA2100574A7D /* URLImage */; };
		65948BCD24A3F38D00574A7D /* schema.json in Resources */ = {isa = PBXBuildFile; fileRef = 65948BCC24A3F38C00574A7D /* schema.json */; };
		65948BD224A3F61700574A7D /* API.swift in Sources */ = {isa = PBXBuildFile; fileRef = 65948BD124A3F61700574A7D /* API.swift */; };
		65948BD524A3F66900574A7D /* Apollo in Frameworks */ = {isa = PBXBuildFile; productRef = 65948BD424A3F66900574A7D /* Apollo */; };
		65948BD724A3F66900574A7D /* ApolloCodegenLib in Frameworks */ = {isa = PBXBuildFile; productRef = 65948BD624A3F66900574A7D /* ApolloCodegenLib */; };
		65948BDB24A3F8AC00574A7D /* Network.swift in Sources */ = {isa = PBXBuildFile; fileRef = 65948BDA24A3F8AC00574A7D /* Network.swift */; };
/* End PBXBuildFile section */

/* Begin PBXContainerItemProxy section */
		65948BAA24A3E21F00574A7D /* PBXContainerItemProxy */ = {
			isa = PBXContainerItemProxy;
			containerPortal = 65948B9024A3E21D00574A7D /* Project object */;
			proxyType = 1;
			remoteGlobalIDString = 65948B9724A3E21D00574A7D;
			remoteInfo = rumspielprojekt;
		};
		65948BB524A3E21F00574A7D /* PBXContainerItemProxy */ = {
			isa = PBXContainerItemProxy;
			containerPortal = 65948B9024A3E21D00574A7D /* Project object */;
			proxyType = 1;
			remoteGlobalIDString = 65948B9724A3E21D00574A7D;
			remoteInfo = rumspielprojekt;
		};
/* End PBXContainerItemProxy section */

/* Begin PBXFileReference section */
		655CBE3324A63F3D00E6C033 /* AP+Extensions.swift */ = {isa = PBXFileReference; lastKnownFileType = sourcecode.swift; path = "AP+Extensions.swift"; sourceTree = "<group>"; };
		65948B9824A3E21D00574A7D /* rumspielprojekt.app */ = {isa = PBXFileReference; explicitFileType = wrapper.application; includeInIndex = 0; path = rumspielprojekt.app; sourceTree = BUILT_PRODUCTS_DIR; };
		65948B9B24A3E21D00574A7D /* rumspielprojektApp.swift */ = {isa = PBXFileReference; lastKnownFileType = sourcecode.swift; path = rumspielprojektApp.swift; sourceTree = "<group>"; };
		65948B9D24A3E21D00574A7D /* ContentView.swift */ = {isa = PBXFileReference; lastKnownFileType = sourcecode.swift; path = ContentView.swift; sourceTree = "<group>"; };
		65948B9F24A3E21F00574A7D /* Assets.xcassets */ = {isa = PBXFileReference; lastKnownFileType = folder.assetcatalog; path = Assets.xcassets; sourceTree = "<group>"; };
		65948BA224A3E21F00574A7D /* Preview Assets.xcassets */ = {isa = PBXFileReference; lastKnownFileType = folder.assetcatalog; path = "Preview Assets.xcassets"; sourceTree = "<group>"; };
		65948BA424A3E21F00574A7D /* Info.plist */ = {isa = PBXFileReference; lastKnownFileType = text.plist.xml; path = Info.plist; sourceTree = "<group>"; };
		65948BA924A3E21F00574A7D /* rumspielprojektTests.xctest */ = {isa = PBXFileReference; explicitFileType = wrapper.cfbundle; includeInIndex = 0; path = rumspielprojektTests.xctest; sourceTree = BUILT_PRODUCTS_DIR; };
		65948BAD24A3E21F00574A7D /* rumspielprojektTests.swift */ = {isa = PBXFileReference; lastKnownFileType = sourcecode.swift; path = rumspielprojektTests.swift; sourceTree = "<group>"; };
		65948BAF24A3E21F00574A7D /* Info.plist */ = {isa = PBXFileReference; lastKnownFileType = text.plist.xml; path = Info.plist; sourceTree = "<group>"; };
		65948BB424A3E21F00574A7D /* rumspielprojektUITests.xctest */ = {isa = PBXFileReference; explicitFileType = wrapper.cfbundle; includeInIndex = 0; path = rumspielprojektUITests.xctest; sourceTree = BUILT_PRODUCTS_DIR; };
		65948BB824A3E21F00574A7D /* rumspielprojektUITests.swift */ = {isa = PBXFileReference; lastKnownFileType = sourcecode.swift; path = rumspielprojektUITests.swift; sourceTree = "<group>"; };
		65948BBA24A3E21F00574A7D /* Info.plist */ = {isa = PBXFileReference; lastKnownFileType = text.plist.xml; path = Info.plist; sourceTree = "<group>"; };
		65948BCC24A3F38C00574A7D /* schema.json */ = {isa = PBXFileReference; fileEncoding = 4; lastKnownFileType = text.json; name = schema.json; path = rumspielprojekt/schema.json; sourceTree = "<group>"; };
		65948BD124A3F61700574A7D /* API.swift */ = {isa = PBXFileReference; fileEncoding = 4; lastKnownFileType = sourcecode.swift; path = API.swift; sourceTree = "<group>"; };
		65948BDA24A3F8AC00574A7D /* Network.swift */ = {isa = PBXFileReference; lastKnownFileType = sourcecode.swift; path = Network.swift; sourceTree = "<group>"; };
		65948BDC24A3FA4400574A7D /* Pokemons.graphql */ = {isa = PBXFileReference; lastKnownFileType = text; path = Pokemons.graphql; sourceTree = "<group>"; };
/* End PBXFileReference section */

/* Begin PBXFrameworksBuildPhase section */
		65948B9524A3E21D00574A7D /* Frameworks */ = {
			isa = PBXFrameworksBuildPhase;
			buildActionMask = 2147483647;
			files = (
				65948BC824A3EA2100574A7D /* URLImage in Frameworks */,
				65948BD724A3F66900574A7D /* ApolloCodegenLib in Frameworks */,
				65948BD524A3F66900574A7D /* Apollo in Frameworks */,
			);
			runOnlyForDeploymentPostprocessing = 0;
		};
		65948BA624A3E21F00574A7D /* Frameworks */ = {
			isa = PBXFrameworksBuildPhase;
			buildActionMask = 2147483647;
			files = (
			);
			runOnlyForDeploymentPostprocessing = 0;
		};
		65948BB124A3E21F00574A7D /* Frameworks */ = {
			isa = PBXFrameworksBuildPhase;
			buildActionMask = 2147483647;
			files = (
			);
			runOnlyForDeploymentPostprocessing = 0;
		};
/* End PBXFrameworksBuildPhase section */

/* Begin PBXGroup section */
		65948B8F24A3E21D00574A7D = {
			isa = PBXGroup;
			children = (
				65948BCC24A3F38C00574A7D /* schema.json */,
				65948B9A24A3E21D00574A7D /* rumspielprojekt */,
				65948BAC24A3E21F00574A7D /* rumspielprojektTests */,
				65948BB724A3E21F00574A7D /* rumspielprojektUITests */,
				65948B9924A3E21D00574A7D /* Products */,
			);
			sourceTree = "<group>";
		};
		65948B9924A3E21D00574A7D /* Products */ = {
			isa = PBXGroup;
			children = (
				65948B9824A3E21D00574A7D /* rumspielprojekt.app */,
				65948BA924A3E21F00574A7D /* rumspielprojektTests.xctest */,
				65948BB424A3E21F00574A7D /* rumspielprojektUITests.xctest */,
			);
			name = Products;
			sourceTree = "<group>";
		};
		65948B9A24A3E21D00574A7D /* rumspielprojekt */ = {
			isa = PBXGroup;
			children = (
				65948BDC24A3FA4400574A7D /* Pokemons.graphql */,
				65948BD124A3F61700574A7D /* API.swift */,
				655CBE3324A63F3D00E6C033 /* AP+Extensions.swift */,
				65948B9B24A3E21D00574A7D /* rumspielprojektApp.swift */,
				65948B9D24A3E21D00574A7D /* ContentView.swift */,
				65948BDA24A3F8AC00574A7D /* Network.swift */,
				65948B9F24A3E21F00574A7D /* Assets.xcassets */,
				65948BA424A3E21F00574A7D /* Info.plist */,
				65948BA124A3E21F00574A7D /* Preview Content */,
			);
			path = rumspielprojekt;
			sourceTree = "<group>";
		};
		65948BA124A3E21F00574A7D /* Preview Content */ = {
			isa = PBXGroup;
			children = (
				65948BA224A3E21F00574A7D /* Preview Assets.xcassets */,
			);
			path = "Preview Content";
			sourceTree = "<group>";
		};
		65948BAC24A3E21F00574A7D /* rumspielprojektTests */ = {
			isa = PBXGroup;
			children = (
				65948BAD24A3E21F00574A7D /* rumspielprojektTests.swift */,
				65948BAF24A3E21F00574A7D /* Info.plist */,
			);
			path = rumspielprojektTests;
			sourceTree = "<group>";
		};
		65948BB724A3E21F00574A7D /* rumspielprojektUITests */ = {
			isa = PBXGroup;
			children = (
				65948BB824A3E21F00574A7D /* rumspielprojektUITests.swift */,
				65948BBA24A3E21F00574A7D /* Info.plist */,
			);
			path = rumspielprojektUITests;
			sourceTree = "<group>";
		};
/* End PBXGroup section */

/* Begin PBXNativeTarget section */
		65948B9724A3E21D00574A7D /* rumspielprojekt */ = {
			isa = PBXNativeTarget;
			buildConfigurationList = 65948BBD24A3E21F00574A7D /* Build configuration list for PBXNativeTarget "rumspielprojekt" */;
			buildPhases = (
				65948B9424A3E21D00574A7D /* Sources */,
				65948B9524A3E21D00574A7D /* Frameworks */,
				65948B9624A3E21D00574A7D /* Resources */,
			);
			buildRules = (
			);
			dependencies = (
			);
			name = rumspielprojekt;
			packageProductDependencies = (
				65948BC724A3EA2100574A7D /* URLImage */,
				65948BD424A3F66900574A7D /* Apollo */,
				65948BD624A3F66900574A7D /* ApolloCodegenLib */,
			);
			productName = rumspielprojekt;
			productReference = 65948B9824A3E21D00574A7D /* rumspielprojekt.app */;
			productType = "com.apple.product-type.application";
		};
		65948BA824A3E21F00574A7D /* rumspielprojektTests */ = {
			isa = PBXNativeTarget;
			buildConfigurationList = 65948BC024A3E21F00574A7D /* Build configuration list for PBXNativeTarget "rumspielprojektTests" */;
			buildPhases = (
				65948BA524A3E21F00574A7D /* Sources */,
				65948BA624A3E21F00574A7D /* Frameworks */,
				65948BA724A3E21F00574A7D /* Resources */,
			);
			buildRules = (
			);
			dependencies = (
				65948BAB24A3E21F00574A7D /* PBXTargetDependency */,
			);
			name = rumspielprojektTests;
			productName = rumspielprojektTests;
			productReference = 65948BA924A3E21F00574A7D /* rumspielprojektTests.xctest */;
			productType = "com.apple.product-type.bundle.unit-test";
		};
		65948BB324A3E21F00574A7D /* rumspielprojektUITests */ = {
			isa = PBXNativeTarget;
			buildConfigurationList = 65948BC324A3E21F00574A7D /* Build configuration list for PBXNativeTarget "rumspielprojektUITests" */;
			buildPhases = (
				65948BB024A3E21F00574A7D /* Sources */,
				65948BB124A3E21F00574A7D /* Frameworks */,
				65948BB224A3E21F00574A7D /* Resources */,
			);
			buildRules = (
			);
			dependencies = (
				65948BB624A3E21F00574A7D /* PBXTargetDependency */,
			);
			name = rumspielprojektUITests;
			productName = rumspielprojektUITests;
			productReference = 65948BB424A3E21F00574A7D /* rumspielprojektUITests.xctest */;
			productType = "com.apple.product-type.bundle.ui-testing";
		};
/* End PBXNativeTarget section */

/* Begin PBXProject section */
		65948B9024A3E21D00574A7D /* Project object */ = {
			isa = PBXProject;
			attributes = {
				LastSwiftUpdateCheck = 1200;
				LastUpgradeCheck = 1200;
				TargetAttributes = {
					65948B9724A3E21D00574A7D = {
						CreatedOnToolsVersion = 12.0;
					};
					65948BA824A3E21F00574A7D = {
						CreatedOnToolsVersion = 12.0;
						TestTargetID = 65948B9724A3E21D00574A7D;
					};
					65948BB324A3E21F00574A7D = {
						CreatedOnToolsVersion = 12.0;
						TestTargetID = 65948B9724A3E21D00574A7D;
					};
				};
			};
			buildConfigurationList = 65948B9324A3E21D00574A7D /* Build configuration list for PBXProject "rumspielprojekt" */;
			compatibilityVersion = "Xcode 9.3";
			developmentRegion = en;
			hasScannedForEncodings = 0;
			knownRegions = (
				en,
				Base,
			);
			mainGroup = 65948B8F24A3E21D00574A7D;
			packageReferences = (
				65948BC624A3EA2100574A7D /* XCRemoteSwiftPackageReference "url-image" */,
				65948BD324A3F66900574A7D /* XCRemoteSwiftPackageReference "apollo-ios" */,
			);
			productRefGroup = 65948B9924A3E21D00574A7D /* Products */;
			projectDirPath = "";
			projectRoot = "";
			targets = (
				65948B9724A3E21D00574A7D /* rumspielprojekt */,
				65948BA824A3E21F00574A7D /* rumspielprojektTests */,
				65948BB324A3E21F00574A7D /* rumspielprojektUITests */,
			);
		};
/* End PBXProject section */

/* Begin PBXResourcesBuildPhase section */
		65948B9624A3E21D00574A7D /* Resources */ = {
			isa = PBXResourcesBuildPhase;
			buildActionMask = 2147483647;
			files = (
				65948BA324A3E21F00574A7D /* Preview Assets.xcassets in Resources */,
				65948BCD24A3F38D00574A7D /* schema.json in Resources */,
				65948BA024A3E21F00574A7D /* Assets.xcassets in Resources */,
			);
			runOnlyForDeploymentPostprocessing = 0;
		};
		65948BA724A3E21F00574A7D /* Resources */ = {
			isa = PBXResourcesBuildPhase;
			buildActionMask = 2147483647;
			files = (
			);
			runOnlyForDeploymentPostprocessing = 0;
		};
		65948BB224A3E21F00574A7D /* Resources */ = {
			isa = PBXResourcesBuildPhase;
			buildActionMask = 2147483647;
			files = (
			);
			runOnlyForDeploymentPostprocessing = 0;
		};
/* End PBXResourcesBuildPhase section */

/* Begin PBXSourcesBuildPhase section */
		65948B9424A3E21D00574A7D /* Sources */ = {
			isa = PBXSourcesBuildPhase;
			buildActionMask = 2147483647;
			files = (
				65948B9E24A3E21D00574A7D /* ContentView.swift in Sources */,
				65948BD224A3F61700574A7D /* API.swift in Sources */,
				65948BDB24A3F8AC00574A7D /* Network.swift in Sources */,
				655CBE3424A63F3D00E6C033 /* AP+Extensions.swift in Sources */,
				65948B9C24A3E21D00574A7D /* rumspielprojektApp.swift in Sources */,
			);
			runOnlyForDeploymentPostprocessing = 0;
		};
		65948BA524A3E21F00574A7D /* Sources */ = {
			isa = PBXSourcesBuildPhase;
			buildActionMask = 2147483647;
			files = (
				65948BAE24A3E21F00574A7D /* rumspielprojektTests.swift in Sources */,
			);
			runOnlyForDeploymentPostprocessing = 0;
		};
		65948BB024A3E21F00574A7D /* Sources */ = {
			isa = PBXSourcesBuildPhase;
			buildActionMask = 2147483647;
			files = (
				65948BB924A3E21F00574A7D /* rumspielprojektUITests.swift in Sources */,
			);
			runOnlyForDeploymentPostprocessing = 0;
		};
/* End PBXSourcesBuildPhase section */

/* Begin PBXTargetDependency section */
		65948BAB24A3E21F00574A7D /* PBXTargetDependency */ = {
			isa = PBXTargetDependency;
			target = 65948B9724A3E21D00574A7D /* rumspielprojekt */;
			targetProxy = 65948BAA24A3E21F00574A7D /* PBXContainerItemProxy */;
		};
		65948BB624A3E21F00574A7D /* PBXTargetDependency */ = {
			isa = PBXTargetDependency;
			target = 65948B9724A3E21D00574A7D /* rumspielprojekt */;
			targetProxy = 65948BB524A3E21F00574A7D /* PBXContainerItemProxy */;
		};
/* End PBXTargetDependency section */

/* Begin XCBuildConfiguration section */
		65948BBB24A3E21F00574A7D /* Debug */ = {
			isa = XCBuildConfiguration;
			buildSettings = {
				ALWAYS_SEARCH_USER_PATHS = NO;
				CLANG_ANALYZER_NONNULL = YES;
				CLANG_ANALYZER_NUMBER_OBJECT_CONVERSION = YES_AGGRESSIVE;
				CLANG_CXX_LANGUAGE_STANDARD = "gnu++14";
				CLANG_CXX_LIBRARY = "libc++";
				CLANG_ENABLE_MODULES = YES;
				CLANG_ENABLE_OBJC_ARC = YES;
				CLANG_ENABLE_OBJC_WEAK = YES;
				CLANG_WARN_BLOCK_CAPTURE_AUTORELEASING = YES;
				CLANG_WARN_BOOL_CONVERSION = YES;
				CLANG_WARN_COMMA = YES;
				CLANG_WARN_CONSTANT_CONVERSION = YES;
				CLANG_WARN_DEPRECATED_OBJC_IMPLEMENTATIONS = YES;
				CLANG_WARN_DIRECT_OBJC_ISA_USAGE = YES_ERROR;
				CLANG_WARN_DOCUMENTATION_COMMENTS = YES;
				CLANG_WARN_EMPTY_BODY = YES;
				CLANG_WARN_ENUM_CONVERSION = YES;
				CLANG_WARN_INFINITE_RECURSION = YES;
				CLANG_WARN_INT_CONVERSION = YES;
				CLANG_WARN_NON_LITERAL_NULL_CONVERSION = YES;
				CLANG_WARN_OBJC_IMPLICIT_RETAIN_SELF = YES;
				CLANG_WARN_OBJC_LITERAL_CONVERSION = YES;
				CLANG_WARN_OBJC_ROOT_CLASS = YES_ERROR;
				CLANG_WARN_QUOTED_INCLUDE_IN_FRAMEWORK_HEADER = YES;
				CLANG_WARN_RANGE_LOOP_ANALYSIS = YES;
				CLANG_WARN_STRICT_PROTOTYPES = YES;
				CLANG_WARN_SUSPICIOUS_MOVE = YES;
				CLANG_WARN_UNGUARDED_AVAILABILITY = YES_AGGRESSIVE;
				CLANG_WARN_UNREACHABLE_CODE = YES;
				CLANG_WARN__DUPLICATE_METHOD_MATCH = YES;
				COPY_PHASE_STRIP = NO;
				DEBUG_INFORMATION_FORMAT = dwarf;
				ENABLE_STRICT_OBJC_MSGSEND = YES;
				ENABLE_TESTABILITY = YES;
				GCC_C_LANGUAGE_STANDARD = gnu11;
				GCC_DYNAMIC_NO_PIC = NO;
				GCC_NO_COMMON_BLOCKS = YES;
				GCC_OPTIMIZATION_LEVEL = 0;
				GCC_PREPROCESSOR_DEFINITIONS = (
					"DEBUG=1",
					"$(inherited)",
				);
				GCC_WARN_64_TO_32_BIT_CONVERSION = YES;
				GCC_WARN_ABOUT_RETURN_TYPE = YES_ERROR;
				GCC_WARN_UNDECLARED_SELECTOR = YES;
				GCC_WARN_UNINITIALIZED_AUTOS = YES_AGGRESSIVE;
				GCC_WARN_UNUSED_FUNCTION = YES;
				GCC_WARN_UNUSED_VARIABLE = YES;
				MTL_ENABLE_DEBUG_INFO = INCLUDE_SOURCE;
				MTL_FAST_MATH = YES;
				ONLY_ACTIVE_ARCH = YES;
				SDKROOT = appletvos;
				SWIFT_ACTIVE_COMPILATION_CONDITIONS = DEBUG;
				SWIFT_OPTIMIZATION_LEVEL = "-Onone";
				TVOS_DEPLOYMENT_TARGET = 14.0;
			};
			name = Debug;
		};
		65948BBC24A3E21F00574A7D /* Release */ = {
			isa = XCBuildConfiguration;
			buildSettings = {
				ALWAYS_SEARCH_USER_PATHS = NO;
				CLANG_ANALYZER_NONNULL = YES;
				CLANG_ANALYZER_NUMBER_OBJECT_CONVERSION = YES_AGGRESSIVE;
				CLANG_CXX_LANGUAGE_STANDARD = "gnu++14";
				CLANG_CXX_LIBRARY = "libc++";
				CLANG_ENABLE_MODULES = YES;
				CLANG_ENABLE_OBJC_ARC = YES;
				CLANG_ENABLE_OBJC_WEAK = YES;
				CLANG_WARN_BLOCK_CAPTURE_AUTORELEASING = YES;
				CLANG_WARN_BOOL_CONVERSION = YES;
				CLANG_WARN_COMMA = YES;
				CLANG_WARN_CONSTANT_CONVERSION = YES;
				CLANG_WARN_DEPRECATED_OBJC_IMPLEMENTATIONS = YES;
				CLANG_WARN_DIRECT_OBJC_ISA_USAGE = YES_ERROR;
				CLANG_WARN_DOCUMENTATION_COMMENTS = YES;
				CLANG_WARN_EMPTY_BODY = YES;
				CLANG_WARN_ENUM_CONVERSION = YES;
				CLANG_WARN_INFINITE_RECURSION = YES;
				CLANG_WARN_INT_CONVERSION = YES;
				CLANG_WARN_NON_LITERAL_NULL_CONVERSION = YES;
				CLANG_WARN_OBJC_IMPLICIT_RETAIN_SELF = YES;
				CLANG_WARN_OBJC_LITERAL_CONVERSION = YES;
				CLANG_WARN_OBJC_ROOT_CLASS = YES_ERROR;
				CLANG_WARN_QUOTED_INCLUDE_IN_FRAMEWORK_HEADER = YES;
				CLANG_WARN_RANGE_LOOP_ANALYSIS = YES;
				CLANG_WARN_STRICT_PROTOTYPES = YES;
				CLANG_WARN_SUSPICIOUS_MOVE = YES;
				CLANG_WARN_UNGUARDED_AVAILABILITY = YES_AGGRESSIVE;
				CLANG_WARN_UNREACHABLE_CODE = YES;
				CLANG_WARN__DUPLICATE_METHOD_MATCH = YES;
				COPY_PHASE_STRIP = NO;
				DEBUG_INFORMATION_FORMAT = "dwarf-with-dsym";
				ENABLE_NS_ASSERTIONS = NO;
				ENABLE_STRICT_OBJC_MSGSEND = YES;
				GCC_C_LANGUAGE_STANDARD = gnu11;
				GCC_NO_COMMON_BLOCKS = YES;
				GCC_WARN_64_TO_32_BIT_CONVERSION = YES;
				GCC_WARN_ABOUT_RETURN_TYPE = YES_ERROR;
				GCC_WARN_UNDECLARED_SELECTOR = YES;
				GCC_WARN_UNINITIALIZED_AUTOS = YES_AGGRESSIVE;
				GCC_WARN_UNUSED_FUNCTION = YES;
				GCC_WARN_UNUSED_VARIABLE = YES;
				MTL_ENABLE_DEBUG_INFO = NO;
				MTL_FAST_MATH = YES;
				SDKROOT = appletvos;
				SWIFT_COMPILATION_MODE = wholemodule;
				SWIFT_OPTIMIZATION_LEVEL = "-O";
				TVOS_DEPLOYMENT_TARGET = 14.0;
				VALIDATE_PRODUCT = YES;
			};
			name = Release;
		};
		65948BBE24A3E21F00574A7D /* Debug */ = {
			isa = XCBuildConfiguration;
			buildSettings = {
				ASSETCATALOG_COMPILER_APPICON_NAME = "App Icon & Top Shelf Image";
				ASSETCATALOG_COMPILER_GLOBAL_ACCENT_COLOR_NAME = AccentColor;
				CODE_SIGN_STYLE = Automatic;
				DEVELOPMENT_ASSET_PATHS = "\"rumspielprojekt/Preview Content\"";
				DEVELOPMENT_TEAM = 66N4VX69AG;
				ENABLE_PREVIEWS = YES;
				INFOPLIST_FILE = rumspielprojekt/Info.plist;
				LD_RUNPATH_SEARCH_PATHS = (
					"$(inherited)",
					"@executable_path/Frameworks",
				);
				PRODUCT_BUNDLE_IDENTIFIER = de.maxtharr.rumspielprojekt;
				PRODUCT_NAME = "$(TARGET_NAME)";
				SWIFT_VERSION = 5.0;
				TARGETED_DEVICE_FAMILY = 3;
				TVOS_DEPLOYMENT_TARGET = 14.0;
			};
			name = Debug;
		};
		65948BBF24A3E21F00574A7D /* Release */ = {
			isa = XCBuildConfiguration;
			buildSettings = {
				ASSETCATALOG_COMPILER_APPICON_NAME = "App Icon & Top Shelf Image";
				ASSETCATALOG_COMPILER_GLOBAL_ACCENT_COLOR_NAME = AccentColor;
				CODE_SIGN_STYLE = Automatic;
				DEVELOPMENT_ASSET_PATHS = "\"rumspielprojekt/Preview Content\"";
				DEVELOPMENT_TEAM = 66N4VX69AG;
				ENABLE_PREVIEWS = YES;
				INFOPLIST_FILE = rumspielprojekt/Info.plist;
				LD_RUNPATH_SEARCH_PATHS = (
					"$(inherited)",
					"@executable_path/Frameworks",
				);
				PRODUCT_BUNDLE_IDENTIFIER = de.maxtharr.rumspielprojekt;
				PRODUCT_NAME = "$(TARGET_NAME)";
				SWIFT_VERSION = 5.0;
				TARGETED_DEVICE_FAMILY = 3;
				TVOS_DEPLOYMENT_TARGET = 14.0;
			};
			name = Release;
		};
		65948BC124A3E21F00574A7D /* Debug */ = {
			isa = XCBuildConfiguration;
			buildSettings = {
				ALWAYS_EMBED_SWIFT_STANDARD_LIBRARIES = YES;
				BUNDLE_LOADER = "$(TEST_HOST)";
				CODE_SIGN_STYLE = Automatic;
				DEVELOPMENT_TEAM = 66N4VX69AG;
				INFOPLIST_FILE = rumspielprojektTests/Info.plist;
				LD_RUNPATH_SEARCH_PATHS = (
					"$(inherited)",
					"@executable_path/Frameworks",
					"@loader_path/Frameworks",
				);
				PRODUCT_BUNDLE_IDENTIFIER = de.maxtharr.rumspielprojektTests;
				PRODUCT_NAME = "$(TARGET_NAME)";
				SWIFT_VERSION = 5.0;
				TARGETED_DEVICE_FAMILY = 3;
				TEST_HOST = "$(BUILT_PRODUCTS_DIR)/rumspielprojekt.app/rumspielprojekt";
				TVOS_DEPLOYMENT_TARGET = 14.0;
			};
			name = Debug;
		};
		65948BC224A3E21F00574A7D /* Release */ = {
			isa = XCBuildConfiguration;
			buildSettings = {
				ALWAYS_EMBED_SWIFT_STANDARD_LIBRARIES = YES;
				BUNDLE_LOADER = "$(TEST_HOST)";
				CODE_SIGN_STYLE = Automatic;
				DEVELOPMENT_TEAM = 66N4VX69AG;
				INFOPLIST_FILE = rumspielprojektTests/Info.plist;
				LD_RUNPATH_SEARCH_PATHS = (
					"$(inherited)",
					"@executable_path/Frameworks",
					"@loader_path/Frameworks",
				);
				PRODUCT_BUNDLE_IDENTIFIER = de.maxtharr.rumspielprojektTests;
				PRODUCT_NAME = "$(TARGET_NAME)";
				SWIFT_VERSION = 5.0;
				TARGETED_DEVICE_FAMILY = 3;
				TEST_HOST = "$(BUILT_PRODUCTS_DIR)/rumspielprojekt.app/rumspielprojekt";
				TVOS_DEPLOYMENT_TARGET = 14.0;
			};
			name = Release;
		};
		65948BC424A3E21F00574A7D /* Debug */ = {
			isa = XCBuildConfiguration;
			buildSettings = {
				ALWAYS_EMBED_SWIFT_STANDARD_LIBRARIES = YES;
				CODE_SIGN_STYLE = Automatic;
				DEVELOPMENT_TEAM = 66N4VX69AG;
				INFOPLIST_FILE = rumspielprojektUITests/Info.plist;
				LD_RUNPATH_SEARCH_PATHS = (
					"$(inherited)",
					"@executable_path/Frameworks",
					"@loader_path/Frameworks",
				);
				PRODUCT_BUNDLE_IDENTIFIER = de.maxtharr.rumspielprojektUITests;
				PRODUCT_NAME = "$(TARGET_NAME)";
				SWIFT_VERSION = 5.0;
				TARGETED_DEVICE_FAMILY = 3;
				TEST_TARGET_NAME = rumspielprojekt;
			};
			name = Debug;
		};
		65948BC524A3E21F00574A7D /* Release */ = {
			isa = XCBuildConfiguration;
			buildSettings = {
				ALWAYS_EMBED_SWIFT_STANDARD_LIBRARIES = YES;
				CODE_SIGN_STYLE = Automatic;
				DEVELOPMENT_TEAM = 66N4VX69AG;
				INFOPLIST_FILE = rumspielprojektUITests/Info.plist;
				LD_RUNPATH_SEARCH_PATHS = (
					"$(inherited)",
					"@executable_path/Frameworks",
					"@loader_path/Frameworks",
				);
				PRODUCT_BUNDLE_IDENTIFIER = de.maxtharr.rumspielprojektUITests;
				PRODUCT_NAME = "$(TARGET_NAME)";
				SWIFT_VERSION = 5.0;
				TARGETED_DEVICE_FAMILY = 3;
				TEST_TARGET_NAME = rumspielprojekt;
			};
			name = Release;
		};
/* End XCBuildConfiguration section */

/* Begin XCConfigurationList section */
		65948B9324A3E21D00574A7D /* Build configuration list for PBXProject "rumspielprojekt" */ = {
			isa = XCConfigurationList;
			buildConfigurations = (
				65948BBB24A3E21F00574A7D /* Debug */,
				65948BBC24A3E21F00574A7D /* Release */,
			);
			defaultConfigurationIsVisible = 0;
			defaultConfigurationName = Release;
		};
		65948BBD24A3E21F00574A7D /* Build configuration list for PBXNativeTarget "rumspielprojekt" */ = {
			isa = XCConfigurationList;
			buildConfigurations = (
				65948BBE24A3E21F00574A7D /* Debug */,
				65948BBF24A3E21F00574A7D /* Release */,
			);
			defaultConfigurationIsVisible = 0;
			defaultConfigurationName = Release;
		};
		65948BC024A3E21F00574A7D /* Build configuration list for PBXNativeTarget "rumspielprojektTests" */ = {
			isa = XCConfigurationList;
			buildConfigurations = (
				65948BC124A3E21F00574A7D /* Debug */,
				65948BC224A3E21F00574A7D /* Release */,
			);
			defaultConfigurationIsVisible = 0;
			defaultConfigurationName = Release;
		};
		65948BC324A3E21F00574A7D /* Build configuration list for PBXNativeTarget "rumspielprojektUITests" */ = {
			isa = XCConfigurationList;
			buildConfigurations = (
				65948BC424A3E21F00574A7D /* Debug */,
				65948BC524A3E21F00574A7D /* Release */,
			);
			defaultConfigurationIsVisible = 0;
			defaultConfigurationName = Release;
		};
/* End XCConfigurationList section */

/* Begin XCRemoteSwiftPackageReference section */
		65948BC624A3EA2100574A7D /* XCRemoteSwiftPackageReference "url-image" */ = {
			isa = XCRemoteSwiftPackageReference;
			repositoryURL = "https://github.com/dmytro-anokhin/url-image.git";
			requirement = {
				kind = upToNextMajorVersion;
				minimumVersion = 0.9.15;
			};
		};
		65948BD324A3F66900574A7D /* XCRemoteSwiftPackageReference "apollo-ios" */ = {
			isa = XCRemoteSwiftPackageReference;
			repositoryURL = "https://github.com/apollographql/apollo-ios.git";
			requirement = {
				kind = upToNextMajorVersion;
				minimumVersion = 0.27.0;
			};
		};
/* End XCRemoteSwiftPackageReference section */

/* Begin XCSwiftPackageProductDependency section */
		65948BC724A3EA2100574A7D /* URLImage */ = {
			isa = XCSwiftPackageProductDependency;
			package = 65948BC624A3EA2100574A7D /* XCRemoteSwiftPackageReference "url-image" */;
			productName = URLImage;
		};
		65948BD424A3F66900574A7D /* Apollo */ = {
			isa = XCSwiftPackageProductDependency;
			package = 65948BD324A3F66900574A7D /* XCRemoteSwiftPackageReference "apollo-ios" */;
			productName = Apollo;
		};
		65948BD624A3F66900574A7D /* ApolloCodegenLib */ = {
			isa = XCSwiftPackageProductDependency;
			package = 65948BD324A3F66900574A7D /* XCRemoteSwiftPackageReference "apollo-ios" */;
			productName = ApolloCodegenLib;
		};
/* End XCSwiftPackageProductDependency section */
	};
	rootObject = 65948B9024A3E21D00574A7D /* Project object */;
}
